{
  "requires": true,
  "lockfileVersion": 1,
  "dependencies": {
    "cordova-plugin-httpd": {
      "version": "0.9.3",
      "resolved": "https://registry.npmjs.org/cordova-plugin-httpd/-/cordova-plugin-httpd-0.9.3.tgz",
      "integrity": "sha1-fNZY2DpmHHYhDbKz4H9wRN6gWZ4="
    },
    "cordova-plugin-insomnia": {
      "version": "git+https://github.com/EddyVerbruggen/Insomnia-PhoneGap-Plugin.git#8d2c3b01fc0c11d9bc36bc1b5f9a141bd097f908"
    }
  }
}
