{
  "requires": true,
  "lockfileVersion": 1,
  "dependencies": {
    "@onsenui/custom-elements": {
      "version": "1.0.0",
      "resolved": "https://registry.npmjs.org/@onsenui/custom-elements/-/custom-elements-1.0.0.tgz",
      "integrity": "sha512-KhYeDFhQyE6j3xxWqyu3q8KgeuaRGUwDjuHnmS1gRri+OZ6w6CUqYPn6kidZjXz+LkU2dEp/D+BWo+9Qi6nSSQ=="
    },
    "core-js": {
      "version": "2.5.3",
      "resolved": "https://registry.npmjs.org/core-js/-/core-js-2.5.3.tgz",
      "integrity": "sha1-isw4NFgk8W2DZbfJtCWRaOjtYD4="
    },
    "onsenui": {
      "version": "2.8.3",
      "resolved": "https://registry.npmjs.org/onsenui/-/onsenui-2.8.3.tgz",
      "integrity": "sha512-VQ60iF1wtssQpzRJH2lyKwZHVRyz4TAfJX748F1b330LqMyYkpJ/Wn8ZJK+su4ZgaA1htP0H7ghd4YYhJIAZEw==",
      "requires": {
        "@onsenui/custom-elements": "1.0.0",
        "core-js": "2.5.3"
      }
    }
  }
}
